{
  "name": "typescript_4",
  "lockfileVersion": 2,
  "requires": true,
  "packages": {
    "": {
      "dependencies": {
        "linq": "^4.0.1"
      },
      "devDependencies": {
        "linq-es2015": "^2.5.1",
        "linq-es5": "^1.11.15"
      }
    },
    "node_modules/es6-shim": {
      "version": "0.35.7",
      "resolved": "https://registry.npmjs.org/es6-shim/-/es6-shim-0.35.7.tgz",
      "integrity": "sha512-baZkUfTDSx7X69+NA8imbvGrsPfqH0MX7ADdIDjqwsI8lkTgLIiD2QWrUCSGsUQ0YMnSCA/4pNgSyXdnLHWf3A==",
      "dev": true
    },
    "node_modules/linq": {
      "version": "4.0.1",
      "resolved": "https://registry.npmjs.org/linq/-/linq-4.0.1.tgz",
      "integrity": "sha512-Apjyhhtra/JMcJZT+RQUGU8lO5jhfKNAKA/A8TFnL39u4JyvTAAvwe8J090St4BVFEldI2/Lh/5RdUFNALTI3g==",
      "engines": {
        "node": "*"
      }
    },
    "node_modules/linq-es2015": {
      "version": "2.5.1",
      "resolved": "https://registry.npmjs.org/linq-es2015/-/linq-es2015-2.5.1.tgz",
      "integrity": "sha512-s9TWOlKxS78mTWrL8zIdqm53YXJ+yjVSXCdvCGnYWtRjRlK2dG0wW+sYrffnw/qveAjY2jM0Y6x2ZteNlrsjXA==",
      "dev": true
    },
    "node_modules/linq-es5": {
      "version": "1.11.15",
      "resolved": "https://registry.npmjs.org/linq-es5/-/linq-es5-1.11.15.tgz",
      "integrity": "sha512-XVN4ILdm7KIRIJc6itRqk1Ew8aWzbjzcEBdFzbwiFlDUYTRe8+ovkRXRniwuzwSDvaVl/GMl4Y+nZLeog+bOoQ==",
      "dev": true,
      "dependencies": {
        "es6-shim": "^0.35.1"
      }
    }
  },
  "dependencies": {
    "es6-shim": {
      "version": "0.35.7",
      "resolved": "https://registry.npmjs.org/es6-shim/-/es6-shim-0.35.7.tgz",
      "integrity": "sha512-baZkUfTDSx7X69+NA8imbvGrsPfqH0MX7ADdIDjqwsI8lkTgLIiD2QWrUCSGsUQ0YMnSCA/4pNgSyXdnLHWf3A==",
      "dev": true
    },
    "linq": {
      "version": "4.0.1",
      "resolved": "https://registry.npmjs.org/linq/-/linq-4.0.1.tgz",
      "integrity": "sha512-Apjyhhtra/JMcJZT+RQUGU8lO5jhfKNAKA/A8TFnL39u4JyvTAAvwe8J090St4BVFEldI2/Lh/5RdUFNALTI3g=="
    },
    "linq-es2015": {
      "version": "2.5.1",
      "resolved": "https://registry.npmjs.org/linq-es2015/-/linq-es2015-2.5.1.tgz",
      "integrity": "sha512-s9TWOlKxS78mTWrL8zIdqm53YXJ+yjVSXCdvCGnYWtRjRlK2dG0wW+sYrffnw/qveAjY2jM0Y6x2ZteNlrsjXA==",
      "dev": true
    },
    "linq-es5": {
      "version": "1.11.15",
      "resolved": "https://registry.npmjs.org/linq-es5/-/linq-es5-1.11.15.tgz",
      "integrity": "sha512-XVN4ILdm7KIRIJc6itRqk1Ew8aWzbjzcEBdFzbwiFlDUYTRe8+ovkRXRniwuzwSDvaVl/GMl4Y+nZLeog+bOoQ==",
      "dev": true,
      "requires": {
        "es6-shim": "^0.35.1"
      }
    }
  }
}
